
Microsoft Visual Studio Solution File, Format Version 12.00
# Visual Studio Version 17
VisualStudioVersion = 17.14.36915.13 d17.14
MinimumVisualStudioVersion = 10.0.40219.1
Project("{FAE04EC0-301F-11D3-BF4B-00C04F79EFBC}") = "SistemaVentas", "SistemaVentas.csproj", "{F47E004D-5169-4A92-85EF-769C127BD64C}"
EndProject
Global
	GlobalSection(SolutionConfigurationPlatforms) = preSolution
		Debug|Any CPU = Debug|Any CPU
		Release|Any CPU = Release|Any CPU
	EndGlobalSection
	GlobalSection(ProjectConfigurationPlatforms) = postSolution
		{F47E004D-5169-4A92-85EF-769C127BD64C}.Debug|Any CPU.ActiveCfg = Debug|Any CPU
		{F47E004D-5169-4A92-85EF-769C127BD64C}.Debug|Any CPU.Build.0 = Debug|Any CPU
		{F47E004D-5169-4A92-85EF-769C127BD64C}.Release|Any CPU.ActiveCfg = Release|Any CPU
		{F47E004D-5169-4A92-85EF-769C127BD64C}.Release|Any CPU.Build.0 = Release|Any CPU
	EndGlobalSection
	GlobalSection(SolutionProperties) = preSolution
		HideSolutionNode = FALSE
	EndGlobalSection
	GlobalSection(ExtensibilityGlobals) = postSolution
		SolutionGuid = {C2BDF49E-0C44-4065-805E-2769185F1BD8}
	EndGlobalSection
EndGlobal
